// !$*UTF8*$!
{
	archiveVersion = 1;
	classes = {
	};
	objectVersion = 46;
	objects = {

/* Begin PBXBuildFile section */
		63F00E0D1E123755007821D4 /* main.m in Sources */ = {isa = PBXBuildFile; fileRef = 63F00E0C1E123755007821D4 /* main.m */; };
		63F00E101E123755007821D4 /* AppDelegate.m in Sources */ = {isa = PBXBuildFile; fileRef = 63F00E0F1E123755007821D4 /* AppDelegate.m */; };
		63F00E131E123755007821D4 /* ViewController.m in Sources */ = {isa = PBXBuildFile; fileRef = 63F00E121E123755007821D4 /* ViewController.m */; };
		63F00E161E123755007821D4 /* Main.storyboard in Resources */ = {isa = PBXBuildFile; fileRef = 63F00E141E123755007821D4 /* Main.storyboard */; };
		63F00E181E123755007821D4 /* Assets.xcassets in Resources */ = {isa = PBXBuildFile; fileRef = 63F00E171E123755007821D4 /* Assets.xcassets */; };
		63F00E1B1E123755007821D4 /* LaunchScreen.storyboard in Resources */ = {isa = PBXBuildFile; fileRef = 63F00E191E123755007821D4 /* LaunchScreen.storyboard */; };
/* End PBXBuildFile section */

/* Begin PBXFileReference section */
		63F00E081E123755007821D4 /* NewXmlTableView.app */ = {isa = PBXFileReference; explicitFileType = wrapper.application; includeInIndex = 0; path = NewXmlTableView.app; sourceTree = BUILT_PRODUCTS_DIR; };
		63F00E0C1E123755007821D4 /* main.m */ = {isa = PBXFileReference; lastKnownFileType = sourcecode.c.objc; path = main.m; sourceTree = "<group>"; };
		63F00E0E1E123755007821D4 /* AppDelegate.h */ = {isa = PBXFileReference; lastKnownFileType = sourcecode.c.h; path = AppDelegate.h; sourceTree = "<group>"; };
		63F00E0F1E123755007821D4 /* AppDelegate.m */ = {isa = PBXFileReference; lastKnownFileType = sourcecode.c.objc; path = AppDelegate.m; sourceTree = "<group>"; };
		63F00E111E123755007821D4 /* ViewController.h */ = {isa = PBXFileReference; lastKnownFileType = sourcecode.c.h; path = ViewController.h; sourceTree = "<group>"; };
		63F00E121E123755007821D4 /* ViewController.m */ = {isa = PBXFileReference; lastKnownFileType = sourcecode.c.objc; path = ViewController.m; sourceTree = "<group>"; };
		63F00E151E123755007821D4 /* Base */ = {isa = PBXFileReference; lastKnownFileType = file.storyboard; name = Base; path = Base.lproj/Main.storyboard; sourceTree = "<group>"; };
		63F00E171E123755007821D4 /* Assets.xcassets */ = {isa = PBXFileReference; lastKnownFileType = folder.assetcatalog; path = Assets.xcassets; sourceTree = "<group>"; };
		63F00E1A1E123755007821D4 /* Base */ = {isa = PBXFileReference; lastKnownFileType = file.storyboard; name = Base; path = Base.lproj/LaunchScreen.storyboard; sourceTree = "<group>"; };
		63F00E1C1E123755007821D4 /* Info.plist */ = {isa = PBXFileReference; lastKnownFileType = text.plist.xml; path = Info.plist; sourceTree = "<group>"; };
/* End PBXFileReference section */

/* Begin PBXFrameworksBuildPhase section */
		63F00E051E123755007821D4 /* Frameworks */ = {
			isa = PBXFrameworksBuildPhase;
			buildActionMask = 2147483647;
			files = (
			);
			runOnlyForDeploymentPostprocessing = 0;
		};
/* End PBXFrameworksBuildPhase section */

/* Begin PBXGroup section */
		63F00DFF1E123755007821D4 = {
			isa = PBXGroup;
			children = (
				63F00E0A1E123755007821D4 /* NewXmlTableView */,
				63F00E091E123755007821D4 /* Products */,
			);
			sourceTree = "<group>";
		};
		63F00E091E123755007821D4 /* Products */ = {
			isa = PBXGroup;
			children = (
				63F00E081E123755007821D4 /* NewXmlTableView.app */,
			);
			name = Products;
			sourceTree = "<group>";
		};
		63F00E0A1E123755007821D4 /* NewXmlTableView */ = {
			isa = PBXGroup;
			children = (
				63F00E0E1E123755007821D4 /* AppDelegate.h */,
				63F00E0F1E123755007821D4 /* AppDelegate.m */,
				63F00E111E123755007821D4 /* ViewController.h */,
				63F00E121E123755007821D4 /* ViewController.m */,
				63F00E141E123755007821D4 /* Main.storyboard */,
				63F00E171E123755007821D4 /* Assets.xcassets */,
				63F00E191E123755007821D4 /* LaunchScreen.storyboard */,
				63F00E1C1E123755007821D4 /* Info.plist */,
				63F00E0B1E123755007821D4 /* Supporting Files */,
			);
			path = NewXmlTableView;
			sourceTree = "<group>";
		};
		63F00E0B1E123755007821D4 /* Supporting Files */ = {
			isa = PBXGroup;
			children = (
				63F00E0C1E123755007821D4 /* main.m */,
			);
			name = "Supporting Files";
			sourceTree = "<group>";
		};
/* End PBXGroup section */

/* Begin PBXNativeTarget section */
		63F00E071E123755007821D4 /* NewXmlTableView */ = {
			isa = PBXNativeTarget;
			buildConfigurationList = 63F00E1F1E123755007821D4 /* Build configuration list for PBXNativeTarget "NewXmlTableView" */;
			buildPhases = (
				63F00E041E123755007821D4 /* Sources */,
				63F00E051E123755007821D4 /* Frameworks */,
				63F00E061E123755007821D4 /* Resources */,
			);
			buildRules = (
			);
			dependencies = (
			);
			name = NewXmlTableView;
			productName = NewXmlTableView;
			productReference = 63F00E081E123755007821D4 /* NewXmlTableView.app */;
			productType = "com.apple.product-type.application";
		};
/* End PBXNativeTarget section */

/* Begin PBXProject section */
		63F00E001E123755007821D4 /* Project object */ = {
			isa = PBXProject;
			attributes = {
				LastUpgradeCheck = 0820;
				ORGANIZATIONNAME = technoMatrix........;
				TargetAttributes = {
					63F00E071E123755007821D4 = {
						CreatedOnToolsVersion = 7.3.1;
					};
				};
			};
			buildConfigurationList = 63F00E031E123755007821D4 /* Build configuration list for PBXProject "NewXmlTableView" */;
			compatibilityVersion = "Xcode 3.2";
			developmentRegion = English;
			hasScannedForEncodings = 0;
			knownRegions = (
				en,
				Base,
			);
			mainGroup = 63F00DFF1E123755007821D4;
			productRefGroup = 63F00E091E123755007821D4 /* Products */;
			projectDirPath = "";
			projectRoot = "";
			targets = (
				63F00E071E123755007821D4 /* NewXmlTableView */,
			);
		};
/* End PBXProject section */

/* Begin PBXResourcesBuildPhase section */
		63F00E061E123755007821D4 /* Resources */ = {
			isa = PBXResourcesBuildPhase;
			buildActionMask = 2147483647;
			files = (
				63F00E1B1E123755007821D4 /* LaunchScreen.storyboard in Resources */,
				63F00E181E123755007821D4 /* Assets.xcassets in Resources */,
				63F00E161E123755007821D4 /* Main.storyboard in Resources */,
			);
			runOnlyForDeploymentPostprocessing = 0;
		};
/* End PBXResourcesBuildPhase section */

/* Begin PBXSourcesBuildPhase section */
		63F00E041E123755007821D4 /* Sources */ = {
			isa = PBXSourcesBuildPhase;
			buildActionMask = 2147483647;
			files = (
				63F00E131E123755007821D4 /* ViewController.m in Sources */,
				63F00E101E123755007821D4 /* AppDelegate.m in Sources */,
				63F00E0D1E123755007821D4 /* main.m in Sources */,
			);
			runOnlyForDeploymentPostprocessing = 0;
		};
/* End PBXSourcesBuildPhase section */

/* Begin PBXVariantGroup section */
		63F00E141E123755007821D4 /* Main.storyboard */ = {
			isa = PBXVariantGroup;
			children = (
				63F00E151E123755007821D4 /* Base */,
			);
			name = Main.storyboard;
			sourceTree = "<group>";
		};
		63F00E191E123755007821D4 /* LaunchScreen.storyboard */ = {
			isa = PBXVariantGroup;
			children = (
				63F00E1A1E123755007821D4 /* Base */,
			);
			name = LaunchScreen.storyboard;
			sourceTree = "<group>";
		};
/* End PBXVariantGroup section */

/* Begin XCBuildConfiguration section */
		63F00E1D1E123755007821D4 /* Debug */ = {
			isa = XCBuildConfiguration;
			buildSettings = {
				ALWAYS_SEARCH_USER_PATHS = NO;
				CLANG_ANALYZER_NONNULL = YES;
				CLANG_CXX_LANGUAGE_STANDARD = "gnu++0x";
				CLANG_CXX_LIBRARY = "libc++";
				CLANG_ENABLE_MODULES = YES;
				CLANG_ENABLE_OBJC_ARC = YES;
				CLANG_WARN_BOOL_CONVERSION = YES;
				CLANG_WARN_CONSTANT_CONVERSION = YES;
				CLANG_WARN_DIRECT_OBJC_ISA_USAGE = YES_ERROR;
				CLANG_WARN_EMPTY_BODY = YES;
				CLANG_WARN_ENUM_CONVERSION = YES;
				CLANG_WARN_INFINITE_RECURSION = YES;
				CLANG_WARN_INT_CONVERSION = YES;
				CLANG_WARN_OBJC_ROOT_CLASS = YES_ERROR;
				CLANG_WARN_SUSPICIOUS_MOVE = YES;
				CLANG_WARN_UNREACHABLE_CODE = YES;
				CLANG_WARN__DUPLICATE_METHOD_MATCH = YES;
				"CODE_SIGN_IDENTITY[sdk=iphoneos*]" = "iPhone Developer";
				COPY_PHASE_STRIP = NO;
				DEBUG_INFORMATION_FORMAT = dwarf;
				ENABLE_STRICT_OBJC_MSGSEND = YES;
				ENABLE_TESTABILITY = YES;
				GCC_C_LANGUAGE_STANDARD = gnu99;
				GCC_DYNAMIC_NO_PIC = NO;
				GCC_NO_COMMON_BLOCKS = YES;
				GCC_OPTIMIZATION_LEVEL = 0;
				GCC_PREPROCESSOR_DEFINITIONS = (
					"DEBUG=1",
					"$(inherited)",
				);
				GCC_WARN_64_TO_32_BIT_CONVERSION = YES;
				GCC_WARN_ABOUT_RETURN_TYPE = YES_ERROR;
				GCC_WARN_UNDECLARED_SELECTOR = YES;
				GCC_WARN_UNINITIALIZED_AUTOS = YES_AGGRESSIVE;
				GCC_WARN_UNUSED_FUNCTION = YES;
				GCC_WARN_UNUSED_VARIABLE = YES;
				IPHONEOS_DEPLOYMENT_TARGET = 9.3;
				MTL_ENABLE_DEBUG_INFO = YES;
				ONLY_ACTIVE_ARCH = YES;
				SDKROOT = iphoneos;
			};
			name = Debug;
		};
		63F00E1E1E123755007821D4 /* Release */ = {
			isa = XCBuildConfiguration;
			buildSettings = {
				ALWAYS_SEARCH_USER_PATHS = NO;
				CLANG_ANALYZER_NONNULL = YES;
				CLANG_CXX_LANGUAGE_STANDARD = "gnu++0x";
				CLANG_CXX_LIBRARY = "libc++";
				CLANG_ENABLE_MODULES = YES;
				CLANG_ENABLE_OBJC_ARC = YES;
				CLANG_WARN_BOOL_CONVERSION = YES;
				CLANG_WARN_CONSTANT_CONVERSION = YES;
				CLANG_WARN_DIRECT_OBJC_ISA_USAGE = YES_ERROR;
				CLANG_WARN_EMPTY_BODY = YES;
				CLANG_WARN_ENUM_CONVERSION = YES;
				CLANG_WARN_INFINITE_RECURSION = YES;
				CLANG_WARN_INT_CONVERSION = YES;
				CLANG_WARN_OBJC_ROOT_CLASS = YES_ERROR;
				CLANG_WARN_SUSPICIOUS_MOVE = YES;
				CLANG_WARN_UNREACHABLE_CODE = YES;
				CLANG_WARN__DUPLICATE_METHOD_MATCH = YES;
				"CODE_SIGN_IDENTITY[sdk=iphoneos*]" = "iPhone Developer";
				COPY_PHASE_STRIP = NO;
				DEBUG_INFORMATION_FORMAT = "dwarf-with-dsym";
				ENABLE_NS_ASSERTIONS = NO;
				ENABLE_STRICT_OBJC_MSGSEND = YES;
				GCC_C_LANGUAGE_STANDARD = gnu99;
				GCC_NO_COMMON_BLOCKS = YES;
				GCC_WARN_64_TO_32_BIT_CONVERSION = YES;
				GCC_WARN_ABOUT_RETURN_TYPE = YES_ERROR;
				GCC_WARN_UNDECLARED_SELECTOR = YES;
				GCC_WARN_UNINITIALIZED_AUTOS = YES_AGGRESSIVE;
				GCC_WARN_UNUSED_FUNCTION = YES;
				GCC_WARN_UNUSED_VARIABLE = YES;
				IPHONEOS_DEPLOYMENT_TARGET = 9.3;
				MTL_ENABLE_DEBUG_INFO = NO;
				SDKROOT = iphoneos;
				VALIDATE_PRODUCT = YES;
			};
			name = Release;
		};
		63F00E201E123755007821D4 /* Debug */ = {
			isa = XCBuildConfiguration;
			buildSettings = {
				ASSETCATALOG_COMPILER_APPICON_NAME = AppIcon;
				INFOPLIST_FILE = NewXmlTableView/Info.plist;
				LD_RUNPATH_SEARCH_PATHS = "$(inherited) @executable_path/Frameworks";
				PRODUCT_BUNDLE_IDENTIFIER = "-felix.NewXmlTableView";
				PRODUCT_NAME = "$(TARGET_NAME)";
			};
			name = Debug;
		};
		63F00E211E123755007821D4 /* Release */ = {
			isa = XCBuildConfiguration;
			buildSettings = {
				ASSETCATALOG_COMPILER_APPICON_NAME = AppIcon;
				INFOPLIST_FILE = NewXmlTableView/Info.plist;
				LD_RUNPATH_SEARCH_PATHS = "$(inherited) @executable_path/Frameworks";
				PRODUCT_BUNDLE_IDENTIFIER = "-felix.NewXmlTableView";
				PRODUCT_NAME = "$(TARGET_NAME)";
			};
			name = Release;
		};
/* End XCBuildConfiguration section */

/* Begin XCConfigurationList section */
		63F00E031E123755007821D4 /* Build configuration list for PBXProject "NewXmlTableView" */ = {
			isa = XCConfigurationList;
			buildConfigurations = (
				63F00E1D1E123755007821D4 /* Debug */,
				63F00E1E1E123755007821D4 /* Release */,
			);
			defaultConfigurationIsVisible = 0;
			defaultConfigurationName = Release;
		};
		63F00E1F1E123755007821D4 /* Build configuration list for PBXNativeTarget "NewXmlTableView" */ = {
			isa = XCConfigurationList;
			buildConfigurations = (
				63F00E201E123755007821D4 /* Debug */,
				63F00E211E123755007821D4 /* Release */,
			);
			defaultConfigurationIsVisible = 0;
			defaultConfigurationName = Release;
		};
/* End XCConfigurationList section */
	};
	rootObject = 63F00E001E123755007821D4 /* Project object */;
}
